
Microsoft Visual Studio Solution File, Format Version 12.00
# Visual Studio 15
VisualStudioVersion = 15.0.28307.421
MinimumVisualStudioVersion = 10.0.40219.1
Project("{FAE04EC0-301F-11D3-BF4B-00C04F79EFBC}") = "DataCardio", "DataCardio\DataCardio.csproj", "{83FBFFA0-2C61-434A-94EE-91D2BBFA53C4}"
EndProject
Project("{FAE04EC0-301F-11D3-BF4B-00C04F79EFBC}") = "DataCardio.Test", "DataCardio.Test\DataCardio.Test.csproj", "{2D9D2027-3943-4CAB-BD7F-C64A24F9F650}"
EndProject
Global
	GlobalSection(SolutionConfigurationPlatforms) = preSolution
		Debug|Any CPU = Debug|Any CPU
		Release|Any CPU = Release|Any CPU
	EndGlobalSection
	GlobalSection(ProjectConfigurationPlatforms) = postSolution
		{83FBFFA0-2C61-434A-94EE-91D2BBFA53C4}.Debug|Any CPU.ActiveCfg = Debug|Any CPU
		{83FBFFA0-2C61-434A-94EE-91D2BBFA53C4}.Debug|Any CPU.Build.0 = Debug|Any CPU
		{83FBFFA0-2C61-434A-94EE-91D2BBFA53C4}.Release|Any CPU.ActiveCfg = Release|Any CPU
		{83FBFFA0-2C61-434A-94EE-91D2BBFA53C4}.Release|Any CPU.Build.0 = Release|Any CPU
		{2D9D2027-3943-4CAB-BD7F-C64A24F9F650}.Debug|Any CPU.ActiveCfg = Debug|Any CPU
		{2D9D2027-3943-4CAB-BD7F-C64A24F9F650}.Debug|Any CPU.Build.0 = Debug|Any CPU
		{2D9D2027-3943-4CAB-BD7F-C64A24F9F650}.Release|Any CPU.ActiveCfg = Release|Any CPU
		{2D9D2027-3943-4CAB-BD7F-C64A24F9F650}.Release|Any CPU.Build.0 = Release|Any CPU
	EndGlobalSection
	GlobalSection(SolutionProperties) = preSolution
		HideSolutionNode = FALSE
	EndGlobalSection
	GlobalSection(ExtensibilityGlobals) = postSolution
		SolutionGuid = {B731C7E6-A3B1-496C-B234-8B257538E0F7}
	EndGlobalSection
EndGlobal
